
Microsoft Visual Studio Solution File, Format Version 12.00
# Visual Studio Version 16
VisualStudioVersion = 16.0.30114.105
MinimumVisualStudioVersion = 10.0.40219.1
Project("{2150E333-8FDC-42A3-9474-1A3956D46DE8}") = "src", "src", "{205EEEEE-F835-4397-A328-BED31EB8BB3D}"
EndProject
Project("{2150E333-8FDC-42A3-9474-1A3956D46DE8}") = "Services", "Services", "{4FE51D39-7A79-4775-8056-5AC924E0FEBC}"
EndProject
Project("{FAE04EC0-301F-11D3-BF4B-00C04F79EFBC}") = "AppointmentSchedulings", "src\Services\Api.AppointmentSchedulings\AppointmentSchedulings.csproj", "{AB3EF9B2-A0DC-4744-9AB0-43151FCF7228}"
EndProject
Project("{FAE04EC0-301F-11D3-BF4B-00C04F79EFBC}") = "AuthUsers", "src\Services\Api.AuthUsers\AuthUsers.csproj", "{9E588ECE-BE36-40DE-928E-5A8E5D40915F}"
EndProject
Project("{FAE04EC0-301F-11D3-BF4B-00C04F79EFBC}") = "ApiGateway", "src\Services\Api.Gateway\ApiGateway.csproj", "{CFE83CCE-9988-4B59-BDA7-B143F14587EF}"
EndProject
Project("{FAE04EC0-301F-11D3-BF4B-00C04F79EFBC}") = "HospitalQueues", "src\Services\Api.HospitalQueues\HospitalQueues.csproj", "{5DE220BD-1AA3-4418-B40D-47B00E1208DC}"
EndProject
Project("{FAE04EC0-301F-11D3-BF4B-00C04F79EFBC}") = "Hospitals", "src\Services\Api.Hospitals\Hospitals.csproj", "{59F3E0EA-8C21-4E79-AD96-DED9F6F2CEE6}"
EndProject
Project("{FAE04EC0-301F-11D3-BF4B-00C04F79EFBC}") = "News", "src\Services\Api.News\News.csproj", "{E00C6F0D-7A45-47DA-B847-0BC6CD3DE721}"
EndProject
Project("{FAE04EC0-301F-11D3-BF4B-00C04F79EFBC}") = "ProfileUsers", "src\Services\Api.ProfileUsers\ProfileUsers.csproj", "{8365CB70-C728-40E8-9BAF-2F2DAD87491F}"
EndProject
Project("{FAE04EC0-301F-11D3-BF4B-00C04F79EFBC}") = "Remedies", "src\Services\Api.Remedies\Remedies.csproj", "{5CB81CBD-96D0-43A2-8795-C3650533BF13}"
EndProject
Project("{FAE04EC0-301F-11D3-BF4B-00C04F79EFBC}") = "ReminderRemedies", "src\Services\Api.ReminderRemedies\ReminderRemedies.csproj", "{EA2FD6EB-3AA0-4FDE-8B78-AB963B220BE2}"
EndProject
Project("{FAE04EC0-301F-11D3-BF4B-00C04F79EFBC}") = "ServicesSchedules", "src\Services\Api.ServicesSchedules\ServicesSchedules.csproj", "{9182E597-74F4-4FFB-9B4E-44ACD5E85516}"
EndProject
Project("{FAE04EC0-301F-11D3-BF4B-00C04F79EFBC}") = "Specialities", "src\Services\Api.Specialities\Specialities.csproj", "{688CA304-42EB-49C2-A476-C2D2E14927B0}"
EndProject
Project("{FAE04EC0-301F-11D3-BF4B-00C04F79EFBC}") = "SuportRequests", "src\Services\Api.SuportRequests\SuportRequests.csproj", "{2A218661-52A7-40A3-B91D-3A7A75163861}"
EndProject
Global
	GlobalSection(SolutionConfigurationPlatforms) = preSolution
		Debug|Any CPU = Debug|Any CPU
		Release|Any CPU = Release|Any CPU
	EndGlobalSection
	GlobalSection(SolutionProperties) = preSolution
		HideSolutionNode = FALSE
	EndGlobalSection
	GlobalSection(ProjectConfigurationPlatforms) = postSolution
		{AB3EF9B2-A0DC-4744-9AB0-43151FCF7228}.Debug|Any CPU.ActiveCfg = Debug|Any CPU
		{AB3EF9B2-A0DC-4744-9AB0-43151FCF7228}.Debug|Any CPU.Build.0 = Debug|Any CPU
		{AB3EF9B2-A0DC-4744-9AB0-43151FCF7228}.Release|Any CPU.ActiveCfg = Release|Any CPU
		{AB3EF9B2-A0DC-4744-9AB0-43151FCF7228}.Release|Any CPU.Build.0 = Release|Any CPU
		{9E588ECE-BE36-40DE-928E-5A8E5D40915F}.Debug|Any CPU.ActiveCfg = Debug|Any CPU
		{9E588ECE-BE36-40DE-928E-5A8E5D40915F}.Debug|Any CPU.Build.0 = Debug|Any CPU
		{9E588ECE-BE36-40DE-928E-5A8E5D40915F}.Release|Any CPU.ActiveCfg = Release|Any CPU
		{9E588ECE-BE36-40DE-928E-5A8E5D40915F}.Release|Any CPU.Build.0 = Release|Any CPU
		{CFE83CCE-9988-4B59-BDA7-B143F14587EF}.Debug|Any CPU.ActiveCfg = Debug|Any CPU
		{CFE83CCE-9988-4B59-BDA7-B143F14587EF}.Debug|Any CPU.Build.0 = Debug|Any CPU
		{CFE83CCE-9988-4B59-BDA7-B143F14587EF}.Release|Any CPU.ActiveCfg = Release|Any CPU
		{CFE83CCE-9988-4B59-BDA7-B143F14587EF}.Release|Any CPU.Build.0 = Release|Any CPU
		{5DE220BD-1AA3-4418-B40D-47B00E1208DC}.Debug|Any CPU.ActiveCfg = Debug|Any CPU
		{5DE220BD-1AA3-4418-B40D-47B00E1208DC}.Debug|Any CPU.Build.0 = Debug|Any CPU
		{5DE220BD-1AA3-4418-B40D-47B00E1208DC}.Release|Any CPU.ActiveCfg = Release|Any CPU
		{5DE220BD-1AA3-4418-B40D-47B00E1208DC}.Release|Any CPU.Build.0 = Release|Any CPU
		{59F3E0EA-8C21-4E79-AD96-DED9F6F2CEE6}.Debug|Any CPU.ActiveCfg = Debug|Any CPU
		{59F3E0EA-8C21-4E79-AD96-DED9F6F2CEE6}.Debug|Any CPU.Build.0 = Debug|Any CPU
		{59F3E0EA-8C21-4E79-AD96-DED9F6F2CEE6}.Release|Any CPU.ActiveCfg = Release|Any CPU
		{59F3E0EA-8C21-4E79-AD96-DED9F6F2CEE6}.Release|Any CPU.Build.0 = Release|Any CPU
		{E00C6F0D-7A45-47DA-B847-0BC6CD3DE721}.Debug|Any CPU.ActiveCfg = Debug|Any CPU
		{E00C6F0D-7A45-47DA-B847-0BC6CD3DE721}.Debug|Any CPU.Build.0 = Debug|Any CPU
		{E00C6F0D-7A45-47DA-B847-0BC6CD3DE721}.Release|Any CPU.ActiveCfg = Release|Any CPU
		{E00C6F0D-7A45-47DA-B847-0BC6CD3DE721}.Release|Any CPU.Build.0 = Release|Any CPU
		{8365CB70-C728-40E8-9BAF-2F2DAD87491F}.Debug|Any CPU.ActiveCfg = Debug|Any CPU
		{8365CB70-C728-40E8-9BAF-2F2DAD87491F}.Debug|Any CPU.Build.0 = Debug|Any CPU
		{8365CB70-C728-40E8-9BAF-2F2DAD87491F}.Release|Any CPU.ActiveCfg = Release|Any CPU
		{8365CB70-C728-40E8-9BAF-2F2DAD87491F}.Release|Any CPU.Build.0 = Release|Any CPU
		{5CB81CBD-96D0-43A2-8795-C3650533BF13}.Debug|Any CPU.ActiveCfg = Debug|Any CPU
		{5CB81CBD-96D0-43A2-8795-C3650533BF13}.Debug|Any CPU.Build.0 = Debug|Any CPU
		{5CB81CBD-96D0-43A2-8795-C3650533BF13}.Release|Any CPU.ActiveCfg = Release|Any CPU
		{5CB81CBD-96D0-43A2-8795-C3650533BF13}.Release|Any CPU.Build.0 = Release|Any CPU
		{EA2FD6EB-3AA0-4FDE-8B78-AB963B220BE2}.Debug|Any CPU.ActiveCfg = Debug|Any CPU
		{EA2FD6EB-3AA0-4FDE-8B78-AB963B220BE2}.Debug|Any CPU.Build.0 = Debug|Any CPU
		{EA2FD6EB-3AA0-4FDE-8B78-AB963B220BE2}.Release|Any CPU.ActiveCfg = Release|Any CPU
		{EA2FD6EB-3AA0-4FDE-8B78-AB963B220BE2}.Release|Any CPU.Build.0 = Release|Any CPU
		{9182E597-74F4-4FFB-9B4E-44ACD5E85516}.Debug|Any CPU.ActiveCfg = Debug|Any CPU
		{9182E597-74F4-4FFB-9B4E-44ACD5E85516}.Debug|Any CPU.Build.0 = Debug|Any CPU
		{9182E597-74F4-4FFB-9B4E-44ACD5E85516}.Release|Any CPU.ActiveCfg = Release|Any CPU
		{9182E597-74F4-4FFB-9B4E-44ACD5E85516}.Release|Any CPU.Build.0 = Release|Any CPU
		{688CA304-42EB-49C2-A476-C2D2E14927B0}.Debug|Any CPU.ActiveCfg = Debug|Any CPU
		{688CA304-42EB-49C2-A476-C2D2E14927B0}.Debug|Any CPU.Build.0 = Debug|Any CPU
		{688CA304-42EB-49C2-A476-C2D2E14927B0}.Release|Any CPU.ActiveCfg = Release|Any CPU
		{688CA304-42EB-49C2-A476-C2D2E14927B0}.Release|Any CPU.Build.0 = Release|Any CPU
		{2A218661-52A7-40A3-B91D-3A7A75163861}.Debug|Any CPU.ActiveCfg = Debug|Any CPU
		{2A218661-52A7-40A3-B91D-3A7A75163861}.Debug|Any CPU.Build.0 = Debug|Any CPU
		{2A218661-52A7-40A3-B91D-3A7A75163861}.Release|Any CPU.ActiveCfg = Release|Any CPU
		{2A218661-52A7-40A3-B91D-3A7A75163861}.Release|Any CPU.Build.0 = Release|Any CPU
	EndGlobalSection
	GlobalSection(NestedProjects) = preSolution
		{4FE51D39-7A79-4775-8056-5AC924E0FEBC} = {205EEEEE-F835-4397-A328-BED31EB8BB3D}
		{AB3EF9B2-A0DC-4744-9AB0-43151FCF7228} = {4FE51D39-7A79-4775-8056-5AC924E0FEBC}
		{9E588ECE-BE36-40DE-928E-5A8E5D40915F} = {4FE51D39-7A79-4775-8056-5AC924E0FEBC}
		{CFE83CCE-9988-4B59-BDA7-B143F14587EF} = {4FE51D39-7A79-4775-8056-5AC924E0FEBC}
		{5DE220BD-1AA3-4418-B40D-47B00E1208DC} = {4FE51D39-7A79-4775-8056-5AC924E0FEBC}
		{59F3E0EA-8C21-4E79-AD96-DED9F6F2CEE6} = {4FE51D39-7A79-4775-8056-5AC924E0FEBC}
		{E00C6F0D-7A45-47DA-B847-0BC6CD3DE721} = {4FE51D39-7A79-4775-8056-5AC924E0FEBC}
		{8365CB70-C728-40E8-9BAF-2F2DAD87491F} = {4FE51D39-7A79-4775-8056-5AC924E0FEBC}
		{5CB81CBD-96D0-43A2-8795-C3650533BF13} = {4FE51D39-7A79-4775-8056-5AC924E0FEBC}
		{EA2FD6EB-3AA0-4FDE-8B78-AB963B220BE2} = {4FE51D39-7A79-4775-8056-5AC924E0FEBC}
		{9182E597-74F4-4FFB-9B4E-44ACD5E85516} = {4FE51D39-7A79-4775-8056-5AC924E0FEBC}
		{688CA304-42EB-49C2-A476-C2D2E14927B0} = {4FE51D39-7A79-4775-8056-5AC924E0FEBC}
		{2A218661-52A7-40A3-B91D-3A7A75163861} = {4FE51D39-7A79-4775-8056-5AC924E0FEBC}
	EndGlobalSection
EndGlobal
