
Microsoft Visual Studio Solution File, Format Version 12.00
# Visual Studio Version 17
VisualStudioVersion = 17.1.32414.318
MinimumVisualStudioVersion = 10.0.40219.1
Project("{2150E333-8FDC-42A3-9474-1A3956D46DE8}") = "src", "src", "{205EEEEE-F835-4397-A328-BED31EB8BB3D}"
EndProject
Project("{9A19103F-16F7-4668-BE54-9A1E7A4F7556}") = "Domain", "src\Domain\Domain.csproj", "{81F84B5C-7F08-4C9C-A65D-D090A68C0DF4}"
EndProject
Project("{2150E333-8FDC-42A3-9474-1A3956D46DE8}") = "Domain", "Domain", "{A18A8909-8A1A-44A3-97CE-DBA234319419}"
EndProject
Project("{9A19103F-16F7-4668-BE54-9A1E7A4F7556}") = "CrossCutting", "src\CrossCutting\CrossCutting.csproj", "{E9E64B05-80BF-4A3B-82A6-125D46D276E6}"
EndProject
Project("{2150E333-8FDC-42A3-9474-1A3956D46DE8}") = "CrossCutting", "CrossCutting", "{20920D14-F0E7-49BE-95AC-6DDB8103F19F}"
EndProject
Project("{9A19103F-16F7-4668-BE54-9A1E7A4F7556}") = "Data", "src\Data\Data.csproj", "{22E3FC16-7471-41BA-A04C-555851915F6E}"
EndProject
Project("{2150E333-8FDC-42A3-9474-1A3956D46DE8}") = "Data", "Data", "{703F8AEB-E2D8-4EA2-B032-890362A508B5}"
EndProject
Project("{2150E333-8FDC-42A3-9474-1A3956D46DE8}") = "Application", "Application", "{2BBF476F-41F9-494B-8CDC-A1F85F66DF2D}"
EndProject
Project("{9A19103F-16F7-4668-BE54-9A1E7A4F7556}") = "AppointmentSchedulings", "src\Application\Api.AppointmentSchedulings\AppointmentSchedulings.csproj", "{4A27CC8D-2CC2-4AA8-8573-EA8B9696736E}"
EndProject
Project("{9A19103F-16F7-4668-BE54-9A1E7A4F7556}") = "AuthUsers", "src\Application\Api.AuthUsers\AuthUsers.csproj", "{4C4DD123-2A44-44A3-BA23-97B3F9B3DDE1}"
EndProject
Project("{9A19103F-16F7-4668-BE54-9A1E7A4F7556}") = "ApiGateway", "src\Application\Api.Gateway\ApiGateway.csproj", "{B4FCC1D8-E325-4810-BD5D-98E0442E2309}"
EndProject
Project("{9A19103F-16F7-4668-BE54-9A1E7A4F7556}") = "HospitalQueues", "src\Application\Api.HospitalQueues\HospitalQueues.csproj", "{27186EFF-5017-4AA0-B636-E2F9B20A6AB0}"
EndProject
Project("{9A19103F-16F7-4668-BE54-9A1E7A4F7556}") = "Hospitals", "src\Application\Api.Hospitals\Hospitals.csproj", "{FB79F185-96E4-4925-89C0-8A587949E816}"
EndProject
Project("{9A19103F-16F7-4668-BE54-9A1E7A4F7556}") = "News", "src\Application\Api.News\News.csproj", "{01040D8C-AD6B-4A00-95CE-F640AF9B7543}"
EndProject
Project("{9A19103F-16F7-4668-BE54-9A1E7A4F7556}") = "ProfileUsers", "src\Application\Api.ProfileUsers\ProfileUsers.csproj", "{2CD8DCCE-3D4C-4C15-89E0-5A177758DA55}"
EndProject
Project("{9A19103F-16F7-4668-BE54-9A1E7A4F7556}") = "Remedies", "src\Application\Api.Remedies\Remedies.csproj", "{5BBDB69E-7B38-4378-BBAE-E7265CDA9A83}"
EndProject
Project("{9A19103F-16F7-4668-BE54-9A1E7A4F7556}") = "ReminderRemedies", "src\Application\Api.ReminderRemedies\ReminderRemedies.csproj", "{A3E3B87D-BC73-4A9C-AD60-8478E5C5ED99}"
EndProject
Project("{9A19103F-16F7-4668-BE54-9A1E7A4F7556}") = "ServicesSchedules", "src\Application\Api.ServicesSchedules\ServicesSchedules.csproj", "{918E7320-DCC8-4A2E-A287-14C41A61634A}"
EndProject
Project("{9A19103F-16F7-4668-BE54-9A1E7A4F7556}") = "Specialities", "src\Application\Api.Specialities\Specialities.csproj", "{170EC97D-63FA-40AC-A8C7-83D41261A7A0}"
EndProject
Project("{9A19103F-16F7-4668-BE54-9A1E7A4F7556}") = "SuportRequests", "src\Application\Api.SuportRequests\SuportRequests.csproj", "{00281700-5BC1-40DD-9EA9-58F6AC1EEF81}"
EndProject
Project("{FAE04EC0-301F-11D3-BF4B-00C04F79EFBC}") = "Services", "src\Services\Services.csproj", "{B8A44577-7A97-46A0-9E63-4AC529B5DD9B}"
EndProject
Project("{2150E333-8FDC-42A3-9474-1A3956D46DE8}") = "Services", "Services", "{D58DD238-DC81-40B8-939C-A088C89D35C1}"
EndProject
Global
	GlobalSection(SolutionConfigurationPlatforms) = preSolution
		Debug|Any CPU = Debug|Any CPU
		Release|Any CPU = Release|Any CPU
	EndGlobalSection
	GlobalSection(ProjectConfigurationPlatforms) = postSolution
		{81F84B5C-7F08-4C9C-A65D-D090A68C0DF4}.Debug|Any CPU.ActiveCfg = Debug|Any CPU
		{81F84B5C-7F08-4C9C-A65D-D090A68C0DF4}.Debug|Any CPU.Build.0 = Debug|Any CPU
		{81F84B5C-7F08-4C9C-A65D-D090A68C0DF4}.Release|Any CPU.ActiveCfg = Release|Any CPU
		{81F84B5C-7F08-4C9C-A65D-D090A68C0DF4}.Release|Any CPU.Build.0 = Release|Any CPU
		{E9E64B05-80BF-4A3B-82A6-125D46D276E6}.Debug|Any CPU.ActiveCfg = Debug|Any CPU
		{E9E64B05-80BF-4A3B-82A6-125D46D276E6}.Debug|Any CPU.Build.0 = Debug|Any CPU
		{E9E64B05-80BF-4A3B-82A6-125D46D276E6}.Release|Any CPU.ActiveCfg = Release|Any CPU
		{E9E64B05-80BF-4A3B-82A6-125D46D276E6}.Release|Any CPU.Build.0 = Release|Any CPU
		{22E3FC16-7471-41BA-A04C-555851915F6E}.Debug|Any CPU.ActiveCfg = Debug|Any CPU
		{22E3FC16-7471-41BA-A04C-555851915F6E}.Debug|Any CPU.Build.0 = Debug|Any CPU
		{22E3FC16-7471-41BA-A04C-555851915F6E}.Release|Any CPU.ActiveCfg = Release|Any CPU
		{22E3FC16-7471-41BA-A04C-555851915F6E}.Release|Any CPU.Build.0 = Release|Any CPU
		{4A27CC8D-2CC2-4AA8-8573-EA8B9696736E}.Debug|Any CPU.ActiveCfg = Debug|Any CPU
		{4A27CC8D-2CC2-4AA8-8573-EA8B9696736E}.Debug|Any CPU.Build.0 = Debug|Any CPU
		{4A27CC8D-2CC2-4AA8-8573-EA8B9696736E}.Release|Any CPU.ActiveCfg = Release|Any CPU
		{4A27CC8D-2CC2-4AA8-8573-EA8B9696736E}.Release|Any CPU.Build.0 = Release|Any CPU
		{4C4DD123-2A44-44A3-BA23-97B3F9B3DDE1}.Debug|Any CPU.ActiveCfg = Debug|Any CPU
		{4C4DD123-2A44-44A3-BA23-97B3F9B3DDE1}.Debug|Any CPU.Build.0 = Debug|Any CPU
		{4C4DD123-2A44-44A3-BA23-97B3F9B3DDE1}.Release|Any CPU.ActiveCfg = Release|Any CPU
		{4C4DD123-2A44-44A3-BA23-97B3F9B3DDE1}.Release|Any CPU.Build.0 = Release|Any CPU
		{B4FCC1D8-E325-4810-BD5D-98E0442E2309}.Debug|Any CPU.ActiveCfg = Debug|Any CPU
		{B4FCC1D8-E325-4810-BD5D-98E0442E2309}.Debug|Any CPU.Build.0 = Debug|Any CPU
		{B4FCC1D8-E325-4810-BD5D-98E0442E2309}.Release|Any CPU.ActiveCfg = Release|Any CPU
		{B4FCC1D8-E325-4810-BD5D-98E0442E2309}.Release|Any CPU.Build.0 = Release|Any CPU
		{27186EFF-5017-4AA0-B636-E2F9B20A6AB0}.Debug|Any CPU.ActiveCfg = Debug|Any CPU
		{27186EFF-5017-4AA0-B636-E2F9B20A6AB0}.Debug|Any CPU.Build.0 = Debug|Any CPU
		{27186EFF-5017-4AA0-B636-E2F9B20A6AB0}.Release|Any CPU.ActiveCfg = Release|Any CPU
		{27186EFF-5017-4AA0-B636-E2F9B20A6AB0}.Release|Any CPU.Build.0 = Release|Any CPU
		{FB79F185-96E4-4925-89C0-8A587949E816}.Debug|Any CPU.ActiveCfg = Debug|Any CPU
		{FB79F185-96E4-4925-89C0-8A587949E816}.Debug|Any CPU.Build.0 = Debug|Any CPU
		{FB79F185-96E4-4925-89C0-8A587949E816}.Release|Any CPU.ActiveCfg = Release|Any CPU
		{FB79F185-96E4-4925-89C0-8A587949E816}.Release|Any CPU.Build.0 = Release|Any CPU
		{01040D8C-AD6B-4A00-95CE-F640AF9B7543}.Debug|Any CPU.ActiveCfg = Debug|Any CPU
		{01040D8C-AD6B-4A00-95CE-F640AF9B7543}.Debug|Any CPU.Build.0 = Debug|Any CPU
		{01040D8C-AD6B-4A00-95CE-F640AF9B7543}.Release|Any CPU.ActiveCfg = Release|Any CPU
		{01040D8C-AD6B-4A00-95CE-F640AF9B7543}.Release|Any CPU.Build.0 = Release|Any CPU
		{2CD8DCCE-3D4C-4C15-89E0-5A177758DA55}.Debug|Any CPU.ActiveCfg = Debug|Any CPU
		{2CD8DCCE-3D4C-4C15-89E0-5A177758DA55}.Debug|Any CPU.Build.0 = Debug|Any CPU
		{2CD8DCCE-3D4C-4C15-89E0-5A177758DA55}.Release|Any CPU.ActiveCfg = Release|Any CPU
		{2CD8DCCE-3D4C-4C15-89E0-5A177758DA55}.Release|Any CPU.Build.0 = Release|Any CPU
		{5BBDB69E-7B38-4378-BBAE-E7265CDA9A83}.Debug|Any CPU.ActiveCfg = Debug|Any CPU
		{5BBDB69E-7B38-4378-BBAE-E7265CDA9A83}.Debug|Any CPU.Build.0 = Debug|Any CPU
		{5BBDB69E-7B38-4378-BBAE-E7265CDA9A83}.Release|Any CPU.ActiveCfg = Release|Any CPU
		{5BBDB69E-7B38-4378-BBAE-E7265CDA9A83}.Release|Any CPU.Build.0 = Release|Any CPU
		{A3E3B87D-BC73-4A9C-AD60-8478E5C5ED99}.Debug|Any CPU.ActiveCfg = Debug|Any CPU
		{A3E3B87D-BC73-4A9C-AD60-8478E5C5ED99}.Debug|Any CPU.Build.0 = Debug|Any CPU
		{A3E3B87D-BC73-4A9C-AD60-8478E5C5ED99}.Release|Any CPU.ActiveCfg = Release|Any CPU
		{A3E3B87D-BC73-4A9C-AD60-8478E5C5ED99}.Release|Any CPU.Build.0 = Release|Any CPU
		{918E7320-DCC8-4A2E-A287-14C41A61634A}.Debug|Any CPU.ActiveCfg = Debug|Any CPU
		{918E7320-DCC8-4A2E-A287-14C41A61634A}.Debug|Any CPU.Build.0 = Debug|Any CPU
		{918E7320-DCC8-4A2E-A287-14C41A61634A}.Release|Any CPU.ActiveCfg = Release|Any CPU
		{918E7320-DCC8-4A2E-A287-14C41A61634A}.Release|Any CPU.Build.0 = Release|Any CPU
		{170EC97D-63FA-40AC-A8C7-83D41261A7A0}.Debug|Any CPU.ActiveCfg = Debug|Any CPU
		{170EC97D-63FA-40AC-A8C7-83D41261A7A0}.Debug|Any CPU.Build.0 = Debug|Any CPU
		{170EC97D-63FA-40AC-A8C7-83D41261A7A0}.Release|Any CPU.ActiveCfg = Release|Any CPU
		{170EC97D-63FA-40AC-A8C7-83D41261A7A0}.Release|Any CPU.Build.0 = Release|Any CPU
		{00281700-5BC1-40DD-9EA9-58F6AC1EEF81}.Debug|Any CPU.ActiveCfg = Debug|Any CPU
		{00281700-5BC1-40DD-9EA9-58F6AC1EEF81}.Debug|Any CPU.Build.0 = Debug|Any CPU
		{00281700-5BC1-40DD-9EA9-58F6AC1EEF81}.Release|Any CPU.ActiveCfg = Release|Any CPU
		{00281700-5BC1-40DD-9EA9-58F6AC1EEF81}.Release|Any CPU.Build.0 = Release|Any CPU
		{B8A44577-7A97-46A0-9E63-4AC529B5DD9B}.Debug|Any CPU.ActiveCfg = Debug|Any CPU
		{B8A44577-7A97-46A0-9E63-4AC529B5DD9B}.Debug|Any CPU.Build.0 = Debug|Any CPU
		{B8A44577-7A97-46A0-9E63-4AC529B5DD9B}.Release|Any CPU.ActiveCfg = Release|Any CPU
		{B8A44577-7A97-46A0-9E63-4AC529B5DD9B}.Release|Any CPU.Build.0 = Release|Any CPU
	EndGlobalSection
	GlobalSection(SolutionProperties) = preSolution
		HideSolutionNode = FALSE
	EndGlobalSection
	GlobalSection(NestedProjects) = preSolution
		{81F84B5C-7F08-4C9C-A65D-D090A68C0DF4} = {A18A8909-8A1A-44A3-97CE-DBA234319419}
		{A18A8909-8A1A-44A3-97CE-DBA234319419} = {205EEEEE-F835-4397-A328-BED31EB8BB3D}
		{E9E64B05-80BF-4A3B-82A6-125D46D276E6} = {20920D14-F0E7-49BE-95AC-6DDB8103F19F}
		{20920D14-F0E7-49BE-95AC-6DDB8103F19F} = {205EEEEE-F835-4397-A328-BED31EB8BB3D}
		{22E3FC16-7471-41BA-A04C-555851915F6E} = {703F8AEB-E2D8-4EA2-B032-890362A508B5}
		{703F8AEB-E2D8-4EA2-B032-890362A508B5} = {205EEEEE-F835-4397-A328-BED31EB8BB3D}
		{2BBF476F-41F9-494B-8CDC-A1F85F66DF2D} = {205EEEEE-F835-4397-A328-BED31EB8BB3D}
		{4A27CC8D-2CC2-4AA8-8573-EA8B9696736E} = {2BBF476F-41F9-494B-8CDC-A1F85F66DF2D}
		{4C4DD123-2A44-44A3-BA23-97B3F9B3DDE1} = {2BBF476F-41F9-494B-8CDC-A1F85F66DF2D}
		{B4FCC1D8-E325-4810-BD5D-98E0442E2309} = {2BBF476F-41F9-494B-8CDC-A1F85F66DF2D}
		{27186EFF-5017-4AA0-B636-E2F9B20A6AB0} = {2BBF476F-41F9-494B-8CDC-A1F85F66DF2D}
		{FB79F185-96E4-4925-89C0-8A587949E816} = {2BBF476F-41F9-494B-8CDC-A1F85F66DF2D}
		{01040D8C-AD6B-4A00-95CE-F640AF9B7543} = {2BBF476F-41F9-494B-8CDC-A1F85F66DF2D}
		{2CD8DCCE-3D4C-4C15-89E0-5A177758DA55} = {2BBF476F-41F9-494B-8CDC-A1F85F66DF2D}
		{5BBDB69E-7B38-4378-BBAE-E7265CDA9A83} = {2BBF476F-41F9-494B-8CDC-A1F85F66DF2D}
		{A3E3B87D-BC73-4A9C-AD60-8478E5C5ED99} = {2BBF476F-41F9-494B-8CDC-A1F85F66DF2D}
		{918E7320-DCC8-4A2E-A287-14C41A61634A} = {2BBF476F-41F9-494B-8CDC-A1F85F66DF2D}
		{170EC97D-63FA-40AC-A8C7-83D41261A7A0} = {2BBF476F-41F9-494B-8CDC-A1F85F66DF2D}
		{00281700-5BC1-40DD-9EA9-58F6AC1EEF81} = {2BBF476F-41F9-494B-8CDC-A1F85F66DF2D}
		{B8A44577-7A97-46A0-9E63-4AC529B5DD9B} = {D58DD238-DC81-40B8-939C-A088C89D35C1}
		{D58DD238-DC81-40B8-939C-A088C89D35C1} = {205EEEEE-F835-4397-A328-BED31EB8BB3D}
	EndGlobalSection
	GlobalSection(ExtensibilityGlobals) = postSolution
		SolutionGuid = {5D8CDD8B-935C-456C-973A-7B066C9C2725}
	EndGlobalSection
EndGlobal
